
Microsoft Visual Studio Solution File, Format Version 12.00
# Visual Studio Version 16
VisualStudioVersion = 16.0.29613.14
MinimumVisualStudioVersion = 10.0.40219.1
Project("{FAE04EC0-301F-11D3-BF4B-00C04F79EFBC}") = "SocialNetworkAPI", "SocialNetworkAPI\SocialNetworkAPI.csproj", "{9DCF8873-A299-4B86-909F-78246B5BD438}"
EndProject
Global
	GlobalSection(SolutionConfigurationPlatforms) = preSolution
		Debug|Any CPU = Debug|Any CPU
		Release|Any CPU = Release|Any CPU
	EndGlobalSection
	GlobalSection(ProjectConfigurationPlatforms) = postSolution
		{9DCF8873-A299-4B86-909F-78246B5BD438}.Debug|Any CPU.ActiveCfg = Debug|Any CPU
		{9DCF8873-A299-4B86-909F-78246B5BD438}.Debug|Any CPU.Build.0 = Debug|Any CPU
		{9DCF8873-A299-4B86-909F-78246B5BD438}.Release|Any CPU.ActiveCfg = Release|Any CPU
		{9DCF8873-A299-4B86-909F-78246B5BD438}.Release|Any CPU.Build.0 = Release|Any CPU
	EndGlobalSection
	GlobalSection(SolutionProperties) = preSolution
		HideSolutionNode = FALSE
	EndGlobalSection
	GlobalSection(ExtensibilityGlobals) = postSolution
		SolutionGuid = {A433C480-5841-4DB3-BC33-D8C8619B5FCA}
	EndGlobalSection
EndGlobal
